// !$*UTF8*$!
{
	archiveVersion = 1;
	classes = {
	};
	objectVersion = 46;
	objects = {

/* Begin PBXBuildFile section */
		310481941C62EECE00385558 /* MNPlatformCell.m in Sources */ = {isa = PBXBuildFile; fileRef = 310481921C62EECE00385558 /* MNPlatformCell.m */; };
		310481951C62EECE00385558 /* MNPlatformCell.xib in Resources */ = {isa = PBXBuildFile; fileRef = 310481931C62EECE00385558 /* MNPlatformCell.xib */; };
		3104819D1C62F7C000385558 /* MNPlatform.m in Sources */ = {isa = PBXBuildFile; fileRef = 3104819C1C62F7C000385558 /* MNPlatform.m */; };
		310481AF1C62F8DA00385558 /* QQ@1x.png in Resources */ = {isa = PBXBuildFile; fileRef = 310481A01C62F8DA00385558 /* QQ@1x.png */; };
		310481B01C62F8DA00385558 /* QQ@2x.png in Resources */ = {isa = PBXBuildFile; fileRef = 310481A11C62F8DA00385558 /* QQ@2x.png */; };
		310481B11C62F8DA00385558 /* QQ@3x.png in Resources */ = {isa = PBXBuildFile; fileRef = 310481A21C62F8DA00385558 /* QQ@3x.png */; };
		310481B51C62F8DA00385558 /* SinaWeibo@1x.png in Resources */ = {isa = PBXBuildFile; fileRef = 310481A61C62F8DA00385558 /* SinaWeibo@1x.png */; };
		310481B61C62F8DA00385558 /* SinaWeibo@2x.png in Resources */ = {isa = PBXBuildFile; fileRef = 310481A71C62F8DA00385558 /* SinaWeibo@2x.png */; };
		310481B71C62F8DA00385558 /* SinaWeibo@3x.png in Resources */ = {isa = PBXBuildFile; fileRef = 310481A81C62F8DA00385558 /* SinaWeibo@3x.png */; };
		310481B81C62F8DA00385558 /* WeChat@1x.png in Resources */ = {isa = PBXBuildFile; fileRef = 310481A91C62F8DA00385558 /* WeChat@1x.png */; };
		310481B91C62F8DA00385558 /* WeChat@2x.png in Resources */ = {isa = PBXBuildFile; fileRef = 310481AA1C62F8DA00385558 /* WeChat@2x.png */; };
		310481BA1C62F8DA00385558 /* WeChat@3x.png in Resources */ = {isa = PBXBuildFile; fileRef = 310481AB1C62F8DA00385558 /* WeChat@3x.png */; };
		310481BC1C62F8DA00385558 /* WeChatTimeline@2x.png in Resources */ = {isa = PBXBuildFile; fileRef = 310481AD1C62F8DA00385558 /* WeChatTimeline@2x.png */; };
		310481BD1C62F8DA00385558 /* WeChatTimeline@3x.png in Resources */ = {isa = PBXBuildFile; fileRef = 310481AE1C62F8DA00385558 /* WeChatTimeline@3x.png */; };
		310481C11C62FA1400385558 /* QQZone@1x.png in Resources */ = {isa = PBXBuildFile; fileRef = 310481BE1C62FA1400385558 /* QQZone@1x.png */; };
		310481C21C62FA1400385558 /* QQZone@2x.png in Resources */ = {isa = PBXBuildFile; fileRef = 310481BF1C62FA1400385558 /* QQZone@2x.png */; };
		310481C31C62FA1400385558 /* QQZone@3x.png in Resources */ = {isa = PBXBuildFile; fileRef = 310481C01C62FA1400385558 /* QQZone@3x.png */; };
		310481C51C62FA3400385558 /* WeChatTimeline@1x.png in Resources */ = {isa = PBXBuildFile; fileRef = 310481C41C62FA3400385558 /* WeChatTimeline@1x.png */; };
		310481C91C6307B300385558 /* MNPlatformWeChat.m in Sources */ = {isa = PBXBuildFile; fileRef = 310481C81C6307B300385558 /* MNPlatformWeChat.m */; };
		310481D21C63087300385558 /* libWeChatSDK.a in Frameworks */ = {isa = PBXBuildFile; fileRef = 310481CD1C63087300385558 /* libWeChatSDK.a */; };
		310481D31C63087300385558 /* read_me.txt in Resources */ = {isa = PBXBuildFile; fileRef = 310481CE1C63087300385558 /* read_me.txt */; };
		310481D51C6332C400385558 /* CoreTelephony.framework in Frameworks */ = {isa = PBXBuildFile; fileRef = 310481D41C6332C400385558 /* CoreTelephony.framework */; };
		310481D81C63345400385558 /* libc++.tbd in Frameworks */ = {isa = PBXBuildFile; fileRef = 310481D61C63343400385558 /* libc++.tbd */; };
		310481DA1C63348700385558 /* SystemConfiguration.framework in Frameworks */ = {isa = PBXBuildFile; fileRef = 310481D91C63348700385558 /* SystemConfiguration.framework */; };
		310481DC1C63348F00385558 /* libz.tbd in Frameworks */ = {isa = PBXBuildFile; fileRef = 310481DB1C63348F00385558 /* libz.tbd */; };
		310481E01C6334A400385558 /* libsqlite3.0.tbd in Frameworks */ = {isa = PBXBuildFile; fileRef = 310481DF1C6334A400385558 /* libsqlite3.0.tbd */; };
		310481E31C63410100385558 /* MNPlatformCallback.m in Sources */ = {isa = PBXBuildFile; fileRef = 310481E21C63410100385558 /* MNPlatformCallback.m */; };
		310481F31C6349DD00385558 /* libWeiboSDK.a in Frameworks */ = {isa = PBXBuildFile; fileRef = 310481E61C6349DD00385558 /* libWeiboSDK.a */; };
		310481F41C6349DD00385558 /* WeiboSDK.bundle in Resources */ = {isa = PBXBuildFile; fileRef = 310481F01C6349DD00385558 /* WeiboSDK.bundle */; };
		310481F71C634A4100385558 /* MNPlatformSinaWeibo.m in Sources */ = {isa = PBXBuildFile; fileRef = 310481F61C634A4100385558 /* MNPlatformSinaWeibo.m */; };
		310481F91C634E2700385558 /* libc++abi.tbd in Frameworks */ = {isa = PBXBuildFile; fileRef = 310481F81C634E2700385558 /* libc++abi.tbd */; };
		310481FB1C634F3F00385558 /* CoreText.framework in Frameworks */ = {isa = PBXBuildFile; fileRef = 310481FA1C634F3F00385558 /* CoreText.framework */; };
		310481FD1C634F4C00385558 /* QuartzCore.framework in Frameworks */ = {isa = PBXBuildFile; fileRef = 310481FC1C634F4C00385558 /* QuartzCore.framework */; };
		310482011C634F7200385558 /* ImageIO.framework in Frameworks */ = {isa = PBXBuildFile; fileRef = 310482001C634F7200385558 /* ImageIO.framework */; };
		310482031C634F8500385558 /* Security.framework in Frameworks */ = {isa = PBXBuildFile; fileRef = 310482021C634F8500385558 /* Security.framework */; };
		310482051C634F9600385558 /* CoreGraphics.framework in Frameworks */ = {isa = PBXBuildFile; fileRef = 310482041C634F9600385558 /* CoreGraphics.framework */; };
		3104820A1C63548B00385558 /* TencentOpenAPI.framework in Frameworks */ = {isa = PBXBuildFile; fileRef = 310482081C63548B00385558 /* TencentOpenAPI.framework */; };
		3104820B1C63548B00385558 /* TencentOpenApi_IOS_Bundle.bundle in Resources */ = {isa = PBXBuildFile; fileRef = 310482091C63548B00385558 /* TencentOpenApi_IOS_Bundle.bundle */; };
		3104820E1C6355F900385558 /* MNPlatformQQ.m in Sources */ = {isa = PBXBuildFile; fileRef = 3104820D1C6355F900385558 /* MNPlatformQQ.m */; };
		319AD8451C619E79008E8DB4 /* main.m in Sources */ = {isa = PBXBuildFile; fileRef = 319AD8441C619E79008E8DB4 /* main.m */; };
		319AD8481C619E79008E8DB4 /* AppDelegate.m in Sources */ = {isa = PBXBuildFile; fileRef = 319AD8471C619E79008E8DB4 /* AppDelegate.m */; };
		319AD84B1C619E79008E8DB4 /* ViewController.m in Sources */ = {isa = PBXBuildFile; fileRef = 319AD84A1C619E79008E8DB4 /* ViewController.m */; };
		319AD84E1C619E79008E8DB4 /* Main.storyboard in Resources */ = {isa = PBXBuildFile; fileRef = 319AD84C1C619E79008E8DB4 /* Main.storyboard */; };
		319AD8501C619E79008E8DB4 /* Assets.xcassets in Resources */ = {isa = PBXBuildFile; fileRef = 319AD84F1C619E79008E8DB4 /* Assets.xcassets */; };
		319AD8531C619E79008E8DB4 /* LaunchScreen.storyboard in Resources */ = {isa = PBXBuildFile; fileRef = 319AD8511C619E79008E8DB4 /* LaunchScreen.storyboard */; };
		319AD85D1C619FA5008E8DB4 /* MNShareKit.m in Sources */ = {isa = PBXBuildFile; fileRef = 319AD85C1C619FA5008E8DB4 /* MNShareKit.m */; };
		319AD8601C61A06F008E8DB4 /* MNShareView.m in Sources */ = {isa = PBXBuildFile; fileRef = 319AD85F1C61A06F008E8DB4 /* MNShareView.m */; };
/* End PBXBuildFile section */

/* Begin PBXFileReference section */
		310481911C62EECE00385558 /* MNPlatformCell.h */ = {isa = PBXFileReference; fileEncoding = 4; lastKnownFileType = sourcecode.c.h; path = MNPlatformCell.h; sourceTree = "<group>"; };
		310481921C62EECE00385558 /* MNPlatformCell.m */ = {isa = PBXFileReference; fileEncoding = 4; lastKnownFileType = sourcecode.c.objc; path = MNPlatformCell.m; sourceTree = "<group>"; };
		310481931C62EECE00385558 /* MNPlatformCell.xib */ = {isa = PBXFileReference; fileEncoding = 4; lastKnownFileType = file.xib; path = MNPlatformCell.xib; sourceTree = "<group>"; };
		3104819B1C62F7C000385558 /* MNPlatform.h */ = {isa = PBXFileReference; fileEncoding = 4; lastKnownFileType = sourcecode.c.h; path = MNPlatform.h; sourceTree = "<group>"; };
		3104819C1C62F7C000385558 /* MNPlatform.m */ = {isa = PBXFileReference; fileEncoding = 4; lastKnownFileType = sourcecode.c.objc; path = MNPlatform.m; sourceTree = "<group>"; };
		310481A01C62F8DA00385558 /* QQ@1x.png */ = {isa = PBXFileReference; lastKnownFileType = image.png; path = "QQ@1x.png"; sourceTree = "<group>"; };
		310481A11C62F8DA00385558 /* QQ@2x.png */ = {isa = PBXFileReference; lastKnownFileType = image.png; path = "QQ@2x.png"; sourceTree = "<group>"; };
		310481A21C62F8DA00385558 /* QQ@3x.png */ = {isa = PBXFileReference; lastKnownFileType = image.png; path = "QQ@3x.png"; sourceTree = "<group>"; };
		310481A61C62F8DA00385558 /* SinaWeibo@1x.png */ = {isa = PBXFileReference; lastKnownFileType = image.png; path = "SinaWeibo@1x.png"; sourceTree = "<group>"; };
		310481A71C62F8DA00385558 /* SinaWeibo@2x.png */ = {isa = PBXFileReference; lastKnownFileType = image.png; path = "SinaWeibo@2x.png"; sourceTree = "<group>"; };
		310481A81C62F8DA00385558 /* SinaWeibo@3x.png */ = {isa = PBXFileReference; lastKnownFileType = image.png; path = "SinaWeibo@3x.png"; sourceTree = "<group>"; };
		310481A91C62F8DA00385558 /* WeChat@1x.png */ = {isa = PBXFileReference; lastKnownFileType = image.png; path = "WeChat@1x.png"; sourceTree = "<group>"; };
		310481AA1C62F8DA00385558 /* WeChat@2x.png */ = {isa = PBXFileReference; lastKnownFileType = image.png; path = "WeChat@2x.png"; sourceTree = "<group>"; };
		310481AB1C62F8DA00385558 /* WeChat@3x.png */ = {isa = PBXFileReference; lastKnownFileType = image.png; path = "WeChat@3x.png"; sourceTree = "<group>"; };
		310481AD1C62F8DA00385558 /* WeChatTimeline@2x.png */ = {isa = PBXFileReference; lastKnownFileType = image.png; path = "WeChatTimeline@2x.png"; sourceTree = "<group>"; };
		310481AE1C62F8DA00385558 /* WeChatTimeline@3x.png */ = {isa = PBXFileReference; lastKnownFileType = image.png; path = "WeChatTimeline@3x.png"; sourceTree = "<group>"; };
		310481BE1C62FA1400385558 /* QQZone@1x.png */ = {isa = PBXFileReference; lastKnownFileType = image.png; path = "QQZone@1x.png"; sourceTree = "<group>"; };
		310481BF1C62FA1400385558 /* QQZone@2x.png */ = {isa = PBXFileReference; lastKnownFileType = image.png; path = "QQZone@2x.png"; sourceTree = "<group>"; };
		310481C01C62FA1400385558 /* QQZone@3x.png */ = {isa = PBXFileReference; lastKnownFileType = image.png; path = "QQZone@3x.png"; sourceTree = "<group>"; };
		310481C41C62FA3400385558 /* WeChatTimeline@1x.png */ = {isa = PBXFileReference; lastKnownFileType = image.png; path = "WeChatTimeline@1x.png"; sourceTree = "<group>"; };
		310481C71C6307B300385558 /* MNPlatformWeChat.h */ = {isa = PBXFileReference; fileEncoding = 4; lastKnownFileType = sourcecode.c.h; path = MNPlatformWeChat.h; sourceTree = "<group>"; };
		310481C81C6307B300385558 /* MNPlatformWeChat.m */ = {isa = PBXFileReference; fileEncoding = 4; lastKnownFileType = sourcecode.c.objc; path = MNPlatformWeChat.m; sourceTree = "<group>"; };
		310481CD1C63087300385558 /* libWeChatSDK.a */ = {isa = PBXFileReference; lastKnownFileType = archive.ar; path = libWeChatSDK.a; sourceTree = "<group>"; };
		310481CE1C63087300385558 /* read_me.txt */ = {isa = PBXFileReference; fileEncoding = 4; lastKnownFileType = text; path = read_me.txt; sourceTree = "<group>"; };
		310481CF1C63087300385558 /* WechatAuthSDK.h */ = {isa = PBXFileReference; fileEncoding = 4; lastKnownFileType = sourcecode.c.h; path = WechatAuthSDK.h; sourceTree = "<group>"; };
		310481D01C63087300385558 /* WXApi.h */ = {isa = PBXFileReference; fileEncoding = 4; lastKnownFileType = sourcecode.c.h; path = WXApi.h; sourceTree = "<group>"; };
		310481D11C63087300385558 /* WXApiObject.h */ = {isa = PBXFileReference; fileEncoding = 4; lastKnownFileType = sourcecode.c.h; path = WXApiObject.h; sourceTree = "<group>"; };
		310481D41C6332C400385558 /* CoreTelephony.framework */ = {isa = PBXFileReference; lastKnownFileType = wrapper.framework; name = CoreTelephony.framework; path = System/Library/Frameworks/CoreTelephony.framework; sourceTree = SDKROOT; };
		310481D61C63343400385558 /* libc++.tbd */ = {isa = PBXFileReference; lastKnownFileType = "sourcecode.text-based-dylib-definition"; name = "libc++.tbd"; path = "usr/lib/libc++.tbd"; sourceTree = SDKROOT; };
		310481D91C63348700385558 /* SystemConfiguration.framework */ = {isa = PBXFileReference; lastKnownFileType = wrapper.framework; name = SystemConfiguration.framework; path = System/Library/Frameworks/SystemConfiguration.framework; sourceTree = SDKROOT; };
		310481DB1C63348F00385558 /* libz.tbd */ = {isa = PBXFileReference; lastKnownFileType = "sourcecode.text-based-dylib-definition"; name = libz.tbd; path = usr/lib/libz.tbd; sourceTree = SDKROOT; };
		310481DD1C63349800385558 /* libsqlite3.tbd */ = {isa = PBXFileReference; lastKnownFileType = "sourcecode.text-based-dylib-definition"; name = libsqlite3.tbd; path = usr/lib/libsqlite3.tbd; sourceTree = SDKROOT; };
		310481DF1C6334A400385558 /* libsqlite3.0.tbd */ = {isa = PBXFileReference; lastKnownFileType = "sourcecode.text-based-dylib-definition"; name = libsqlite3.0.tbd; path = usr/lib/libsqlite3.0.tbd; sourceTree = SDKROOT; };
		310481E11C63410100385558 /* MNPlatformCallback.h */ = {isa = PBXFileReference; fileEncoding = 4; lastKnownFileType = sourcecode.c.h; path = MNPlatformCallback.h; sourceTree = "<group>"; };
		310481E21C63410100385558 /* MNPlatformCallback.m */ = {isa = PBXFileReference; fileEncoding = 4; lastKnownFileType = sourcecode.c.objc; path = MNPlatformCallback.m; sourceTree = "<group>"; };
		310481E61C6349DD00385558 /* libWeiboSDK.a */ = {isa = PBXFileReference; lastKnownFileType = archive.ar; path = libWeiboSDK.a; sourceTree = "<group>"; };
		310481E71C6349DD00385558 /* WBHttpRequest+WeiboGame.h */ = {isa = PBXFileReference; fileEncoding = 4; lastKnownFileType = sourcecode.c.h; path = "WBHttpRequest+WeiboGame.h"; sourceTree = "<group>"; };
		310481E81C6349DD00385558 /* WBHttpRequest+WeiboShare.h */ = {isa = PBXFileReference; fileEncoding = 4; lastKnownFileType = sourcecode.c.h; path = "WBHttpRequest+WeiboShare.h"; sourceTree = "<group>"; };
		310481E91C6349DD00385558 /* WBHttpRequest+WeiboToken.h */ = {isa = PBXFileReference; fileEncoding = 4; lastKnownFileType = sourcecode.c.h; path = "WBHttpRequest+WeiboToken.h"; sourceTree = "<group>"; };
		310481EA1C6349DD00385558 /* WBHttpRequest+WeiboUser.h */ = {isa = PBXFileReference; fileEncoding = 4; lastKnownFileType = sourcecode.c.h; path = "WBHttpRequest+WeiboUser.h"; sourceTree = "<group>"; };
		310481EB1C6349DD00385558 /* WBHttpRequest.h */ = {isa = PBXFileReference; fileEncoding = 4; lastKnownFileType = sourcecode.c.h; path = WBHttpRequest.h; sourceTree = "<group>"; };
		310481EC1C6349DD00385558 /* WBSDKBasicButton.h */ = {isa = PBXFileReference; fileEncoding = 4; lastKnownFileType = sourcecode.c.h; path = WBSDKBasicButton.h; sourceTree = "<group>"; };
		310481ED1C6349DD00385558 /* WBSDKCommentButton.h */ = {isa = PBXFileReference; fileEncoding = 4; lastKnownFileType = sourcecode.c.h; path = WBSDKCommentButton.h; sourceTree = "<group>"; };
		310481EE1C6349DD00385558 /* WBSDKRelationshipButton.h */ = {isa = PBXFileReference; fileEncoding = 4; lastKnownFileType = sourcecode.c.h; path = WBSDKRelationshipButton.h; sourceTree = "<group>"; };
		310481EF1C6349DD00385558 /* WeiboSDK+Statistics.h */ = {isa = PBXFileReference; fileEncoding = 4; lastKnownFileType = sourcecode.c.h; path = "WeiboSDK+Statistics.h"; sourceTree = "<group>"; };
		310481F01C6349DD00385558 /* WeiboSDK.bundle */ = {isa = PBXFileReference; lastKnownFileType = "wrapper.plug-in"; path = WeiboSDK.bundle; sourceTree = "<group>"; };
		310481F11C6349DD00385558 /* WeiboSDK.h */ = {isa = PBXFileReference; fileEncoding = 4; lastKnownFileType = sourcecode.c.h; path = WeiboSDK.h; sourceTree = "<group>"; };
		310481F21C6349DD00385558 /* WeiboUser.h */ = {isa = PBXFileReference; fileEncoding = 4; lastKnownFileType = sourcecode.c.h; path = WeiboUser.h; sourceTree = "<group>"; };
		310481F51C634A4100385558 /* MNPlatformSinaWeibo.h */ = {isa = PBXFileReference; fileEncoding = 4; lastKnownFileType = sourcecode.c.h; path = MNPlatformSinaWeibo.h; sourceTree = "<group>"; };
		310481F61C634A4100385558 /* MNPlatformSinaWeibo.m */ = {isa = PBXFileReference; fileEncoding = 4; lastKnownFileType = sourcecode.c.objc; path = MNPlatformSinaWeibo.m; sourceTree = "<group>"; };
		310481F81C634E2700385558 /* libc++abi.tbd */ = {isa = PBXFileReference; lastKnownFileType = "sourcecode.text-based-dylib-definition"; name = "libc++abi.tbd"; path = "usr/lib/libc++abi.tbd"; sourceTree = SDKROOT; };
		310481FA1C634F3F00385558 /* CoreText.framework */ = {isa = PBXFileReference; lastKnownFileType = wrapper.framework; name = CoreText.framework; path = System/Library/Frameworks/CoreText.framework; sourceTree = SDKROOT; };
		310481FC1C634F4C00385558 /* QuartzCore.framework */ = {isa = PBXFileReference; lastKnownFileType = wrapper.framework; name = QuartzCore.framework; path = System/Library/Frameworks/QuartzCore.framework; sourceTree = SDKROOT; };
		310481FE1C634F5E00385558 /* libstdc++.tbd */ = {isa = PBXFileReference; lastKnownFileType = "sourcecode.text-based-dylib-definition"; name = "libstdc++.tbd"; path = "usr/lib/libstdc++.tbd"; sourceTree = SDKROOT; };
		310482001C634F7200385558 /* ImageIO.framework */ = {isa = PBXFileReference; lastKnownFileType = wrapper.framework; name = ImageIO.framework; path = System/Library/Frameworks/ImageIO.framework; sourceTree = SDKROOT; };
		310482021C634F8500385558 /* Security.framework */ = {isa = PBXFileReference; lastKnownFileType = wrapper.framework; name = Security.framework; path = System/Library/Frameworks/Security.framework; sourceTree = SDKROOT; };
		310482041C634F9600385558 /* CoreGraphics.framework */ = {isa = PBXFileReference; lastKnownFileType = wrapper.framework; name = CoreGraphics.framework; path = System/Library/Frameworks/CoreGraphics.framework; sourceTree = SDKROOT; };
		310482081C63548B00385558 /* TencentOpenAPI.framework */ = {isa = PBXFileReference; lastKnownFileType = wrapper.framework; path = TencentOpenAPI.framework; sourceTree = "<group>"; };
		310482091C63548B00385558 /* TencentOpenApi_IOS_Bundle.bundle */ = {isa = PBXFileReference; lastKnownFileType = "wrapper.plug-in"; path = TencentOpenApi_IOS_Bundle.bundle; sourceTree = "<group>"; };
		3104820C1C6355F900385558 /* MNPlatformQQ.h */ = {isa = PBXFileReference; fileEncoding = 4; lastKnownFileType = sourcecode.c.h; path = MNPlatformQQ.h; sourceTree = "<group>"; };
		3104820D1C6355F900385558 /* MNPlatformQQ.m */ = {isa = PBXFileReference; fileEncoding = 4; lastKnownFileType = sourcecode.c.objc; path = MNPlatformQQ.m; sourceTree = "<group>"; };
		319AD8401C619E79008E8DB4 /* MNShareKit.app */ = {isa = PBXFileReference; explicitFileType = wrapper.application; includeInIndex = 0; path = MNShareKit.app; sourceTree = BUILT_PRODUCTS_DIR; };
		319AD8441C619E79008E8DB4 /* main.m */ = {isa = PBXFileReference; lastKnownFileType = sourcecode.c.objc; path = main.m; sourceTree = "<group>"; };
		319AD8461C619E79008E8DB4 /* AppDelegate.h */ = {isa = PBXFileReference; lastKnownFileType = sourcecode.c.h; path = AppDelegate.h; sourceTree = "<group>"; };
		319AD8471C619E79008E8DB4 /* AppDelegate.m */ = {isa = PBXFileReference; lastKnownFileType = sourcecode.c.objc; path = AppDelegate.m; sourceTree = "<group>"; };
		319AD8491C619E79008E8DB4 /* ViewController.h */ = {isa = PBXFileReference; lastKnownFileType = sourcecode.c.h; path = ViewController.h; sourceTree = "<group>"; };
		319AD84A1C619E79008E8DB4 /* ViewController.m */ = {isa = PBXFileReference; lastKnownFileType = sourcecode.c.objc; path = ViewController.m; sourceTree = "<group>"; };
		319AD84D1C619E79008E8DB4 /* Base */ = {isa = PBXFileReference; lastKnownFileType = file.storyboard; name = Base; path = Base.lproj/Main.storyboard; sourceTree = "<group>"; };
		319AD84F1C619E79008E8DB4 /* Assets.xcassets */ = {isa = PBXFileReference; lastKnownFileType = folder.assetcatalog; path = Assets.xcassets; sourceTree = "<group>"; };
		319AD8521C619E79008E8DB4 /* Base */ = {isa = PBXFileReference; lastKnownFileType = file.storyboard; name = Base; path = Base.lproj/LaunchScreen.storyboard; sourceTree = "<group>"; };
		319AD8541C619E79008E8DB4 /* Info.plist */ = {isa = PBXFileReference; lastKnownFileType = text.plist.xml; path = Info.plist; sourceTree = "<group>"; };
		319AD85B1C619FA5008E8DB4 /* MNShareKit.h */ = {isa = PBXFileReference; fileEncoding = 4; lastKnownFileType = sourcecode.c.h; path = MNShareKit.h; sourceTree = "<group>"; };
		319AD85C1C619FA5008E8DB4 /* MNShareKit.m */ = {isa = PBXFileReference; fileEncoding = 4; lastKnownFileType = sourcecode.c.objc; path = MNShareKit.m; sourceTree = "<group>"; };
		319AD85E1C61A06F008E8DB4 /* MNShareView.h */ = {isa = PBXFileReference; fileEncoding = 4; lastKnownFileType = sourcecode.c.h; path = MNShareView.h; sourceTree = "<group>"; };
		319AD85F1C61A06F008E8DB4 /* MNShareView.m */ = {isa = PBXFileReference; fileEncoding = 4; lastKnownFileType = sourcecode.c.objc; path = MNShareView.m; sourceTree = "<group>"; };
/* End PBXFileReference section */

/* Begin PBXFrameworksBuildPhase section */
		319AD83D1C619E79008E8DB4 /* Frameworks */ = {
			isa = PBXFrameworksBuildPhase;
			buildActionMask = 2147483647;
			files = (
				310482051C634F9600385558 /* CoreGraphics.framework in Frameworks */,
				310482031C634F8500385558 /* Security.framework in Frameworks */,
				310482011C634F7200385558 /* ImageIO.framework in Frameworks */,
				310481FD1C634F4C00385558 /* QuartzCore.framework in Frameworks */,
				310481FB1C634F3F00385558 /* CoreText.framework in Frameworks */,
				3104820A1C63548B00385558 /* TencentOpenAPI.framework in Frameworks */,
				310481F91C634E2700385558 /* libc++abi.tbd in Frameworks */,
				310481E01C6334A400385558 /* libsqlite3.0.tbd in Frameworks */,
				310481DC1C63348F00385558 /* libz.tbd in Frameworks */,
				310481DA1C63348700385558 /* SystemConfiguration.framework in Frameworks */,
				310481F31C6349DD00385558 /* libWeiboSDK.a in Frameworks */,
				310481D81C63345400385558 /* libc++.tbd in Frameworks */,
				310481D51C6332C400385558 /* CoreTelephony.framework in Frameworks */,
				310481D21C63087300385558 /* libWeChatSDK.a in Frameworks */,
			);
			runOnlyForDeploymentPostprocessing = 0;
		};
/* End PBXFrameworksBuildPhase section */

/* Begin PBXGroup section */
		3104819A1C62F7C000385558 /* MNPlatform */ = {
			isa = PBXGroup;
			children = (
				3104819B1C62F7C000385558 /* MNPlatform.h */,
				3104819C1C62F7C000385558 /* MNPlatform.m */,
				310481C71C6307B300385558 /* MNPlatformWeChat.h */,
				310481C81C6307B300385558 /* MNPlatformWeChat.m */,
				310481F51C634A4100385558 /* MNPlatformSinaWeibo.h */,
				310481F61C634A4100385558 /* MNPlatformSinaWeibo.m */,
				3104820C1C6355F900385558 /* MNPlatformQQ.h */,
				3104820D1C6355F900385558 /* MNPlatformQQ.m */,
			);
			path = MNPlatform;
			sourceTree = "<group>";
		};
		3104819F1C62F8DA00385558 /* res */ = {
			isa = PBXGroup;
			children = (
				310481A01C62F8DA00385558 /* QQ@1x.png */,
				310481A11C62F8DA00385558 /* QQ@2x.png */,
				310481A21C62F8DA00385558 /* QQ@3x.png */,
				310481BE1C62FA1400385558 /* QQZone@1x.png */,
				310481BF1C62FA1400385558 /* QQZone@2x.png */,
				310481C01C62FA1400385558 /* QQZone@3x.png */,
				310481A61C62F8DA00385558 /* SinaWeibo@1x.png */,
				310481A71C62F8DA00385558 /* SinaWeibo@2x.png */,
				310481A81C62F8DA00385558 /* SinaWeibo@3x.png */,
				310481A91C62F8DA00385558 /* WeChat@1x.png */,
				310481AA1C62F8DA00385558 /* WeChat@2x.png */,
				310481AB1C62F8DA00385558 /* WeChat@3x.png */,
				310481C41C62FA3400385558 /* WeChatTimeline@1x.png */,
				310481AD1C62F8DA00385558 /* WeChatTimeline@2x.png */,
				310481AE1C62F8DA00385558 /* WeChatTimeline@3x.png */,
			);
			path = res;
			sourceTree = "<group>";
		};
		310481CA1C63087300385558 /* framework */ = {
			isa = PBXGroup;
			children = (
				310481CB1C63087300385558 /* WeChat */,
				310481E41C6349DD00385558 /* SinaWibo */,
				310482061C63548B00385558 /* Tencent */,
			);
			path = framework;
			sourceTree = "<group>";
		};
		310481CB1C63087300385558 /* WeChat */ = {
			isa = PBXGroup;
			children = (
				310481CC1C63087300385558 /* SDK1.6.2 */,
			);
			path = WeChat;
			sourceTree = "<group>";
		};
		310481CC1C63087300385558 /* SDK1.6.2 */ = {
			isa = PBXGroup;
			children = (
				310481CD1C63087300385558 /* libWeChatSDK.a */,
				310481CE1C63087300385558 /* read_me.txt */,
				310481CF1C63087300385558 /* WechatAuthSDK.h */,
				310481D01C63087300385558 /* WXApi.h */,
				310481D11C63087300385558 /* WXApiObject.h */,
			);
			path = SDK1.6.2;
			sourceTree = "<group>";
		};
		310481E41C6349DD00385558 /* SinaWibo */ = {
			isa = PBXGroup;
			children = (
				310481E51C6349DD00385558 /* libWeiboSDK */,
			);
			path = SinaWibo;
			sourceTree = "<group>";
		};
		310481E51C6349DD00385558 /* libWeiboSDK */ = {
			isa = PBXGroup;
			children = (
				310481E61C6349DD00385558 /* libWeiboSDK.a */,
				310481E71C6349DD00385558 /* WBHttpRequest+WeiboGame.h */,
				310481E81C6349DD00385558 /* WBHttpRequest+WeiboShare.h */,
				310481E91C6349DD00385558 /* WBHttpRequest+WeiboToken.h */,
				310481EA1C6349DD00385558 /* WBHttpRequest+WeiboUser.h */,
				310481EB1C6349DD00385558 /* WBHttpRequest.h */,
				310481EC1C6349DD00385558 /* WBSDKBasicButton.h */,
				310481ED1C6349DD00385558 /* WBSDKCommentButton.h */,
				310481EE1C6349DD00385558 /* WBSDKRelationshipButton.h */,
				310481EF1C6349DD00385558 /* WeiboSDK+Statistics.h */,
				310481F01C6349DD00385558 /* WeiboSDK.bundle */,
				310481F11C6349DD00385558 /* WeiboSDK.h */,
				310481F21C6349DD00385558 /* WeiboUser.h */,
			);
			path = libWeiboSDK;
			sourceTree = "<group>";
		};
		310482061C63548B00385558 /* Tencent */ = {
			isa = PBXGroup;
			children = (
				310482071C63548B00385558 /* iOS_OpenSDK_2.9.5_all */,
			);
			path = Tencent;
			sourceTree = "<group>";
		};
		310482071C63548B00385558 /* iOS_OpenSDK_2.9.5_all */ = {
			isa = PBXGroup;
			children = (
				310482081C63548B00385558 /* TencentOpenAPI.framework */,
				310482091C63548B00385558 /* TencentOpenApi_IOS_Bundle.bundle */,
			);
			path = iOS_OpenSDK_2.9.5_all;
			sourceTree = "<group>";
		};
		319AD8371C619E79008E8DB4 = {
			isa = PBXGroup;
			children = (
				310482041C634F9600385558 /* CoreGraphics.framework */,
				310482021C634F8500385558 /* Security.framework */,
				310482001C634F7200385558 /* ImageIO.framework */,
				310481FE1C634F5E00385558 /* libstdc++.tbd */,
				310481FC1C634F4C00385558 /* QuartzCore.framework */,
				310481FA1C634F3F00385558 /* CoreText.framework */,
				310481F81C634E2700385558 /* libc++abi.tbd */,
				310481DF1C6334A400385558 /* libsqlite3.0.tbd */,
				310481DD1C63349800385558 /* libsqlite3.tbd */,
				310481DB1C63348F00385558 /* libz.tbd */,
				310481D91C63348700385558 /* SystemConfiguration.framework */,
				310481D61C63343400385558 /* libc++.tbd */,
				310481D41C6332C400385558 /* CoreTelephony.framework */,
				319AD8421C619E79008E8DB4 /* MNShareKit */,
				319AD8411C619E79008E8DB4 /* Products */,
			);
			sourceTree = "<group>";
		};
		319AD8411C619E79008E8DB4 /* Products */ = {
			isa = PBXGroup;
			children = (
				319AD8401C619E79008E8DB4 /* MNShareKit.app */,
			);
			name = Products;
			sourceTree = "<group>";
		};
		319AD8421C619E79008E8DB4 /* MNShareKit */ = {
			isa = PBXGroup;
			children = (
				319AD85A1C619F93008E8DB4 /* MNShareKit */,
				319AD8461C619E79008E8DB4 /* AppDelegate.h */,
				319AD8471C619E79008E8DB4 /* AppDelegate.m */,
				319AD8491C619E79008E8DB4 /* ViewController.h */,
				319AD84A1C619E79008E8DB4 /* ViewController.m */,
				319AD84C1C619E79008E8DB4 /* Main.storyboard */,
				319AD84F1C619E79008E8DB4 /* Assets.xcassets */,
				319AD8511C619E79008E8DB4 /* LaunchScreen.storyboard */,
				319AD8541C619E79008E8DB4 /* Info.plist */,
				319AD8431C619E79008E8DB4 /* Supporting Files */,
			);
			path = MNShareKit;
			sourceTree = "<group>";
		};
		319AD8431C619E79008E8DB4 /* Supporting Files */ = {
			isa = PBXGroup;
			children = (
				319AD8441C619E79008E8DB4 /* main.m */,
			);
			name = "Supporting Files";
			sourceTree = "<group>";
		};
		319AD85A1C619F93008E8DB4 /* MNShareKit */ = {
			isa = PBXGroup;
			children = (
				319AD85B1C619FA5008E8DB4 /* MNShareKit.h */,
				319AD85C1C619FA5008E8DB4 /* MNShareKit.m */,
				310481CA1C63087300385558 /* framework */,
				3104819F1C62F8DA00385558 /* res */,
				3104819A1C62F7C000385558 /* MNPlatform */,
				319AD85E1C61A06F008E8DB4 /* MNShareView.h */,
				319AD85F1C61A06F008E8DB4 /* MNShareView.m */,
				310481E11C63410100385558 /* MNPlatformCallback.h */,
				310481E21C63410100385558 /* MNPlatformCallback.m */,
				310481911C62EECE00385558 /* MNPlatformCell.h */,
				310481921C62EECE00385558 /* MNPlatformCell.m */,
				310481931C62EECE00385558 /* MNPlatformCell.xib */,
			);
			path = MNShareKit;
			sourceTree = "<group>";
		};
/* End PBXGroup section */

/* Begin PBXNativeTarget section */
		319AD83F1C619E79008E8DB4 /* MNShareKit */ = {
			isa = PBXNativeTarget;
			buildConfigurationList = 319AD8571C619E79008E8DB4 /* Build configuration list for PBXNativeTarget "MNShareKit" */;
			buildPhases = (
				319AD83C1C619E79008E8DB4 /* Sources */,
				319AD83D1C619E79008E8DB4 /* Frameworks */,
				319AD83E1C619E79008E8DB4 /* Resources */,
			);
			buildRules = (
			);
			dependencies = (
			);
			name = MNShareKit;
			productName = MNShareKit;
			productReference = 319AD8401C619E79008E8DB4 /* MNShareKit.app */;
			productType = "com.apple.product-type.application";
		};
/* End PBXNativeTarget section */

/* Begin PBXProject section */
		319AD8381C619E79008E8DB4 /* Project object */ = {
			isa = PBXProject;
			attributes = {
				LastUpgradeCheck = 0720;
				ORGANIZATIONNAME = luguangqing;
				TargetAttributes = {
					319AD83F1C619E79008E8DB4 = {
						CreatedOnToolsVersion = 7.2;
						DevelopmentTeam = QR2ZFRE3WH;
					};
				};
			};
			buildConfigurationList = 319AD83B1C619E79008E8DB4 /* Build configuration list for PBXProject "MNShareKit" */;
			compatibilityVersion = "Xcode 3.2";
			developmentRegion = English;
			hasScannedForEncodings = 0;
			knownRegions = (
				en,
				Base,
			);
			mainGroup = 319AD8371C619E79008E8DB4;
			productRefGroup = 319AD8411C619E79008E8DB4 /* Products */;
			projectDirPath = "";
			projectRoot = "";
			targets = (
				319AD83F1C619E79008E8DB4 /* MNShareKit */,
			);
		};
/* End PBXProject section */

/* Begin PBXResourcesBuildPhase section */
		319AD83E1C619E79008E8DB4 /* Resources */ = {
			isa = PBXResourcesBuildPhase;
			buildActionMask = 2147483647;
			files = (
				310481B91C62F8DA00385558 /* WeChat@2x.png in Resources */,
				310481B71C62F8DA00385558 /* SinaWeibo@3x.png in Resources */,
				310481C31C62FA1400385558 /* QQZone@3x.png in Resources */,
				319AD8531C619E79008E8DB4 /* LaunchScreen.storyboard in Resources */,
				310481B11C62F8DA00385558 /* QQ@3x.png in Resources */,
				319AD8501C619E79008E8DB4 /* Assets.xcassets in Resources */,
				310481BA1C62F8DA00385558 /* WeChat@3x.png in Resources */,
				319AD84E1C619E79008E8DB4 /* Main.storyboard in Resources */,
				310481BD1C62F8DA00385558 /* WeChatTimeline@3x.png in Resources */,
				310481C51C62FA3400385558 /* WeChatTimeline@1x.png in Resources */,
				310481B61C62F8DA00385558 /* SinaWeibo@2x.png in Resources */,
				310481F41C6349DD00385558 /* WeiboSDK.bundle in Resources */,
				310481C11C62FA1400385558 /* QQZone@1x.png in Resources */,
				310481B81C62F8DA00385558 /* WeChat@1x.png in Resources */,
				310481AF1C62F8DA00385558 /* QQ@1x.png in Resources */,
				310481D31C63087300385558 /* read_me.txt in Resources */,
				310481B01C62F8DA00385558 /* QQ@2x.png in Resources */,
				310481B51C62F8DA00385558 /* SinaWeibo@1x.png in Resources */,
				3104820B1C63548B00385558 /* TencentOpenApi_IOS_Bundle.bundle in Resources */,
				310481951C62EECE00385558 /* MNPlatformCell.xib in Resources */,
				310481C21C62FA1400385558 /* QQZone@2x.png in Resources */,
				310481BC1C62F8DA00385558 /* WeChatTimeline@2x.png in Resources */,
			);
			runOnlyForDeploymentPostprocessing = 0;
		};
/* End PBXResourcesBuildPhase section */

/* Begin PBXSourcesBuildPhase section */
		319AD83C1C619E79008E8DB4 /* Sources */ = {
			isa = PBXSourcesBuildPhase;
			buildActionMask = 2147483647;
			files = (
				319AD84B1C619E79008E8DB4 /* ViewController.m in Sources */,
				310481C91C6307B300385558 /* MNPlatformWeChat.m in Sources */,
				3104820E1C6355F900385558 /* MNPlatformQQ.m in Sources */,
				319AD85D1C619FA5008E8DB4 /* MNShareKit.m in Sources */,
				3104819D1C62F7C000385558 /* MNPlatform.m in Sources */,
				319AD8601C61A06F008E8DB4 /* MNShareView.m in Sources */,
				310481941C62EECE00385558 /* MNPlatformCell.m in Sources */,
				319AD8481C619E79008E8DB4 /* AppDelegate.m in Sources */,
				310481E31C63410100385558 /* MNPlatformCallback.m in Sources */,
				310481F71C634A4100385558 /* MNPlatformSinaWeibo.m in Sources */,
				319AD8451C619E79008E8DB4 /* main.m in Sources */,
			);
			runOnlyForDeploymentPostprocessing = 0;
		};
/* End PBXSourcesBuildPhase section */

/* Begin PBXVariantGroup section */
		319AD84C1C619E79008E8DB4 /* Main.storyboard */ = {
			isa = PBXVariantGroup;
			children = (
				319AD84D1C619E79008E8DB4 /* Base */,
			);
			name = Main.storyboard;
			sourceTree = "<group>";
		};
		319AD8511C619E79008E8DB4 /* LaunchScreen.storyboard */ = {
			isa = PBXVariantGroup;
			children = (
				319AD8521C619E79008E8DB4 /* Base */,
			);
			name = LaunchScreen.storyboard;
			sourceTree = "<group>";
		};
/* End PBXVariantGroup section */

/* Begin XCBuildConfiguration section */
		319AD8551C619E79008E8DB4 /* Debug */ = {
			isa = XCBuildConfiguration;
			buildSettings = {
				ALWAYS_SEARCH_USER_PATHS = NO;
				CLANG_CXX_LANGUAGE_STANDARD = "gnu++0x";
				CLANG_CXX_LIBRARY = "libc++";
				CLANG_ENABLE_MODULES = YES;
				CLANG_ENABLE_OBJC_ARC = YES;
				CLANG_WARN_BOOL_CONVERSION = YES;
				CLANG_WARN_CONSTANT_CONVERSION = YES;
				CLANG_WARN_DIRECT_OBJC_ISA_USAGE = YES_ERROR;
				CLANG_WARN_EMPTY_BODY = YES;
				CLANG_WARN_ENUM_CONVERSION = YES;
				CLANG_WARN_INT_CONVERSION = YES;
				CLANG_WARN_OBJC_ROOT_CLASS = YES_ERROR;
				CLANG_WARN_UNREACHABLE_CODE = YES;
				CLANG_WARN__DUPLICATE_METHOD_MATCH = YES;
				"CODE_SIGN_IDENTITY[sdk=iphoneos*]" = "iPhone Developer";
				COPY_PHASE_STRIP = NO;
				DEBUG_INFORMATION_FORMAT = dwarf;
				ENABLE_STRICT_OBJC_MSGSEND = YES;
				ENABLE_TESTABILITY = YES;
				GCC_C_LANGUAGE_STANDARD = gnu99;
				GCC_DYNAMIC_NO_PIC = NO;
				GCC_NO_COMMON_BLOCKS = YES;
				GCC_OPTIMIZATION_LEVEL = 0;
				GCC_PREPROCESSOR_DEFINITIONS = (
					"DEBUG=1",
					"$(inherited)",
				);
				GCC_WARN_64_TO_32_BIT_CONVERSION = YES;
				GCC_WARN_ABOUT_RETURN_TYPE = YES_ERROR;
				GCC_WARN_UNDECLARED_SELECTOR = YES;
				GCC_WARN_UNINITIALIZED_AUTOS = YES_AGGRESSIVE;
				GCC_WARN_UNUSED_FUNCTION = YES;
				GCC_WARN_UNUSED_VARIABLE = YES;
				IPHONEOS_DEPLOYMENT_TARGET = 9.2;
				MTL_ENABLE_DEBUG_INFO = YES;
				ONLY_ACTIVE_ARCH = YES;
				SDKROOT = iphoneos;
			};
			name = Debug;
		};
		319AD8561C619E79008E8DB4 /* Release */ = {
			isa = XCBuildConfiguration;
			buildSettings = {
				ALWAYS_SEARCH_USER_PATHS = NO;
				CLANG_CXX_LANGUAGE_STANDARD = "gnu++0x";
				CLANG_CXX_LIBRARY = "libc++";
				CLANG_ENABLE_MODULES = YES;
				CLANG_ENABLE_OBJC_ARC = YES;
				CLANG_WARN_BOOL_CONVERSION = YES;
				CLANG_WARN_CONSTANT_CONVERSION = YES;
				CLANG_WARN_DIRECT_OBJC_ISA_USAGE = YES_ERROR;
				CLANG_WARN_EMPTY_BODY = YES;
				CLANG_WARN_ENUM_CONVERSION = YES;
				CLANG_WARN_INT_CONVERSION = YES;
				CLANG_WARN_OBJC_ROOT_CLASS = YES_ERROR;
				CLANG_WARN_UNREACHABLE_CODE = YES;
				CLANG_WARN__DUPLICATE_METHOD_MATCH = YES;
				"CODE_SIGN_IDENTITY[sdk=iphoneos*]" = "iPhone Developer";
				COPY_PHASE_STRIP = NO;
				DEBUG_INFORMATION_FORMAT = "dwarf-with-dsym";
				ENABLE_NS_ASSERTIONS = NO;
				ENABLE_STRICT_OBJC_MSGSEND = YES;
				GCC_C_LANGUAGE_STANDARD = gnu99;
				GCC_NO_COMMON_BLOCKS = YES;
				GCC_WARN_64_TO_32_BIT_CONVERSION = YES;
				GCC_WARN_ABOUT_RETURN_TYPE = YES_ERROR;
				GCC_WARN_UNDECLARED_SELECTOR = YES;
				GCC_WARN_UNINITIALIZED_AUTOS = YES_AGGRESSIVE;
				GCC_WARN_UNUSED_FUNCTION = YES;
				GCC_WARN_UNUSED_VARIABLE = YES;
				IPHONEOS_DEPLOYMENT_TARGET = 9.2;
				MTL_ENABLE_DEBUG_INFO = NO;
				SDKROOT = iphoneos;
				VALIDATE_PRODUCT = YES;
			};
			name = Release;
		};
		319AD8581C619E79008E8DB4 /* Debug */ = {
			isa = XCBuildConfiguration;
			buildSettings = {
				ASSETCATALOG_COMPILER_APPICON_NAME = AppIcon;
				CODE_SIGN_IDENTITY = "iPhone Developer";
				FRAMEWORK_SEARCH_PATHS = (
					"$(inherited)",
					"$(PROJECT_DIR)/MNShareKit/MNShareKit/framework/Tencent/iOS_OpenSDK_2.9.5_all",
				);
				INFOPLIST_FILE = MNShareKit/Info.plist;
				LD_RUNPATH_SEARCH_PATHS = "$(inherited) @executable_path/Frameworks";
				LIBRARY_SEARCH_PATHS = (
					"$(inherited)",
					"$(PROJECT_DIR)/MNShareKit/MNShareKit/framework/WeChat/SDK1.6.2",
					"$(PROJECT_DIR)/MNShareKit/MNShareKit/framework/SinaWibo/libWeiboSDK",
				);
				OTHER_LDFLAGS = "-all_load";
				PRODUCT_BUNDLE_IDENTIFIER = com.lugq1001.doodduck;
				PRODUCT_NAME = "$(TARGET_NAME)";
			};
			name = Debug;
		};
		319AD8591C619E79008E8DB4 /* Release */ = {
			isa = XCBuildConfiguration;
			buildSettings = {
				ASSETCATALOG_COMPILER_APPICON_NAME = AppIcon;
				CODE_SIGN_IDENTITY = "iPhone Developer";
				FRAMEWORK_SEARCH_PATHS = (
					"$(inherited)",
					"$(PROJECT_DIR)/MNShareKit/MNShareKit/framework/Tencent/iOS_OpenSDK_2.9.5_all",
				);
				INFOPLIST_FILE = MNShareKit/Info.plist;
				LD_RUNPATH_SEARCH_PATHS = "$(inherited) @executable_path/Frameworks";
				LIBRARY_SEARCH_PATHS = (
					"$(inherited)",
					"$(PROJECT_DIR)/MNShareKit/MNShareKit/framework/WeChat/SDK1.6.2",
					"$(PROJECT_DIR)/MNShareKit/MNShareKit/framework/SinaWibo/libWeiboSDK",
				);
				OTHER_LDFLAGS = "-all_load";
				PRODUCT_BUNDLE_IDENTIFIER = com.lugq1001.doodduck;
				PRODUCT_NAME = "$(TARGET_NAME)";
			};
			name = Release;
		};
/* End XCBuildConfiguration section */

/* Begin XCConfigurationList section */
		319AD83B1C619E79008E8DB4 /* Build configuration list for PBXProject "MNShareKit" */ = {
			isa = XCConfigurationList;
			buildConfigurations = (
				319AD8551C619E79008E8DB4 /* Debug */,
				319AD8561C619E79008E8DB4 /* Release */,
			);
			defaultConfigurationIsVisible = 0;
			defaultConfigurationName = Release;
		};
		319AD8571C619E79008E8DB4 /* Build configuration list for PBXNativeTarget "MNShareKit" */ = {
			isa = XCConfigurationList;
			buildConfigurations = (
				319AD8581C619E79008E8DB4 /* Debug */,
				319AD8591C619E79008E8DB4 /* Release */,
			);
			defaultConfigurationIsVisible = 0;
			defaultConfigurationName = Release;
		};
/* End XCConfigurationList section */
	};
	rootObject = 319AD8381C619E79008E8DB4 /* Project object */;
}
